{
    "doctrine/annotations": {
        "version": "1.13",
        "recipe": {
            "repo": "github.com/symfony/recipes",
            "branch": "main",
            "version": "1.0",
            "ref": "a2759dd6123694c8d901d0ec80006e044c2e6457"
        },
        "files": [
            "config/routes/annotations.yaml"
        ]
    },
    "doctrine/doctrine-bundle": {
        "version": "1.12",
        "recipe": {
            "repo": "github.com/symfony/recipes",
            "branch": "main",
            "version": "1.12",
            "ref": "d6ef6ae99dbd6f70ca244db45af1cd6650c28a5d"
        },
        "files": [
            "config/packages/doctrine.yaml",
            "config/packages/prod/doctrine.yaml",
            "src/Entity/.gitignore",
            "src/Repository/.gitignore"
        ]
    },
    "doctrine/doctrine-cache-bundle": {
        "version": "1.4.0"
    },
    "doctrine/doctrine-migrations-bundle": {
        "version": "1.3",
        "recipe": {
            "repo": "github.com/symfony/recipes",
            "branch": "main",
            "version": "1.2",
            "ref": "b609494a0ab33d79acf3ead2067e3f67c9a47bd2"
        },
        "files": [
            "config/packages/doctrine_migrations.yaml",
            "migrations/.gitignore"
        ]
    },
    "enhavo/app-bundle": {
        "version": "0.10",
        "recipe": {
            "repo": "github.com/symfony/recipes-contrib",
            "branch": "main",
            "version": "0.9",
            "ref": "293c9bf6865e324e7af3a204b8b7ffedbd3dee74"
        }
    },
    "enhavo/backup-bundle": {
        "version": "v0.10.6"
    },
    "enhavo/block-bundle": {
        "version": "v0.10.13"
    },
    "enhavo/content-bundle": {
        "version": "v0.10.13"
    },
    "enhavo/dashboard-bundle": {
        "version": "v0.10.13"
    },
    "enhavo/doctrine-extension-bundle": {
        "version": "v0.10.13"
    },
    "enhavo/form-bundle": {
        "version": "v0.10.13"
    },
    "enhavo/media-bundle": {
        "version": "v0.10.13"
    },
    "enhavo/navigation-bundle": {
        "version": "v0.10.13"
    },
    "enhavo/page-bundle": {
        "version": "v0.10.13"
    },
    "enhavo/routing-bundle": {
        "version": "v0.10.13"
    },
    "enhavo/setting-bundle": {
        "version": "v0.10.13"
    },
    "enhavo/user-bundle": {
        "version": "v0.10.13"
    },
    "friendsofsymfony/jsrouting-bundle": {
        "version": "2.7",
        "recipe": {
            "repo": "github.com/symfony/recipes-contrib",
            "branch": "main",
            "version": "2.3",
            "ref": "a9f2e49180f75cdc71ae279a929c4b2e0638de84"
        }
    },
    "friendsofsymfony/rest-bundle": {
        "version": "2.8",
        "recipe": {
            "repo": "github.com/symfony/recipes-contrib",
            "branch": "main",
            "version": "2.2",
            "ref": "fa845143b7e0a4c70aedd1a88c549e6d977e9ae5"
        }
    },
    "jms/serializer-bundle": {
        "version": "2.4",
        "recipe": {
            "repo": "github.com/symfony/recipes-contrib",
            "branch": "main",
            "version": "2.0",
            "ref": "fe60ce509ef04a3f40da96e3979bc8d9b13b2372"
        }
    },
    "stof/doctrine-extensions-bundle": {
        "version": "1.6",
        "recipe": {
            "repo": "github.com/symfony/recipes-contrib",
            "branch": "main",
            "version": "1.2",
            "ref": "e805aba9eff5372e2d149a9ff56566769e22819d"
        }
    },
    "sylius/resource-bundle": {
        "version": "1.6",
        "recipe": {
            "repo": "github.com/symfony/recipes-contrib",
            "branch": "main",
            "version": "1.6",
            "ref": "bfd4306c8e26b4aed0790ebde89a2c949e1398a2"
        }
    },
    "symfony-cmf/routing-bundle": {
        "version": "2.5.1"
    },
    "symfony/console": {
        "version": "4.4",
        "recipe": {
            "repo": "github.com/symfony/recipes",
            "branch": "main",
            "version": "4.4",
            "ref": "fd5340d07d4c90504843b53da41525cf42e31f5c"
        },
        "files": [
            "bin/console",
            "config/bootstrap.php"
        ]
    },
    "symfony/debug-bundle": {
        "version": "4.4",
        "recipe": {
            "repo": "github.com/symfony/recipes",
            "branch": "main",
            "version": "4.1",
            "ref": "0ce7a032d344fb7b661cd25d31914cd703ad445b"
        },
        "files": [
            "config/packages/dev/debug.yaml"
        ]
    },
    "symfony/flex": {
        "version": "1.21",
        "recipe": {
            "repo": "github.com/symfony/recipes",
            "branch": "main",
            "version": "1.0",
            "ref": "146251ae39e06a95be0fe3d13c807bcf3938b172"
        },
        "files": [
            ".env"
        ]
    },
    "symfony/framework-bundle": {
        "version": "4.4",
        "recipe": {
            "repo": "github.com/symfony/recipes",
            "branch": "main",
            "version": "4.4",
            "ref": "24eb45d1355810154890460e6a05c0ca27318fe7"
        },
        "files": [
            "config/bootstrap.php",
            "config/packages/cache.yaml",
            "config/packages/framework.yaml",
            "config/packages/test/framework.yaml",
            "config/preload.php",
            "config/routes/dev/framework.yaml",
            "config/services.yaml",
            "public/index.php",
            "src/Controller/.gitignore",
            "src/Kernel.php"
        ]
    },
    "symfony/lock": {
        "version": "4.4",
        "recipe": {
            "repo": "github.com/symfony/recipes",
            "branch": "main",
            "version": "4.4",
            "ref": "d9d21f740e47e96d5a26027ceb11ec7195af36be"
        },
        "files": [
            "config/packages/lock.yaml"
        ]
    },
    "symfony/maker-bundle": {
        "version": "1.34",
        "recipe": {
            "repo": "github.com/symfony/recipes",
            "branch": "main",
            "version": "1.0",
            "ref": "fadbfe33303a76e25cb63401050439aa9b1a9c7f"
        }
    },
    "symfony/monolog-bundle": {
        "version": "3.7",
        "recipe": {
            "repo": "github.com/symfony/recipes",
            "branch": "main",
            "version": "3.3",
            "ref": "2120e71a370db3a494b8afcc42d7cfb2cff6f910"
        },
        "files": [
            "config/packages/dev/monolog.yaml",
            "config/packages/prod/deprecations.yaml",
            "config/packages/prod/monolog.yaml",
            "config/packages/test/monolog.yaml"
        ]
    },
    "symfony/routing": {
        "version": "4.4",
        "recipe": {
            "repo": "github.com/symfony/recipes",
            "branch": "main",
            "version": "4.2",
            "ref": "683dcb08707ba8d41b7e34adb0344bfd68d248a7"
        },
        "files": [
            "config/packages/prod/routing.yaml",
            "config/packages/routing.yaml",
            "config/routes.yaml"
        ]
    },
    "symfony/security-bundle": {
        "version": "4.4",
        "recipe": {
            "repo": "github.com/symfony/recipes",
            "branch": "main",
            "version": "4.4",
            "ref": "7b4408dc203049666fe23fabed23cbadc6d8440f"
        },
        "files": [
            "config/packages/security.yaml"
        ]
    },
    "symfony/swiftmailer-bundle": {
        "version": "3.5",
        "recipe": {
            "repo": "github.com/symfony/recipes",
            "branch": "main",
            "version": "2.5",
            "ref": "f0b2fccdca2dfd97dc2fd5ad216d5e27c4f895ac"
        },
        "files": [
            "config/packages/dev/swiftmailer.yaml",
            "config/packages/swiftmailer.yaml",
            "config/packages/test/swiftmailer.yaml"
        ]
    },
    "symfony/translation": {
        "version": "4.4",
        "recipe": {
            "repo": "github.com/symfony/recipes",
            "branch": "main",
            "version": "3.3",
            "ref": "2ad9d2545bce8ca1a863e50e92141f0b9d87ffcd"
        },
        "files": [
            "config/packages/translation.yaml",
            "translations/.gitignore"
        ]
    },
    "symfony/twig-bundle": {
        "version": "4.4",
        "recipe": {
            "repo": "github.com/symfony/recipes",
            "branch": "main",
            "version": "4.4",
            "ref": "73baff3f7b3cea12a73812a7cfd2c0924a9e250f"
        },
        "files": [
            "config/packages/test/twig.yaml",
            "config/packages/twig.yaml",
            "templates/base.html.twig"
        ]
    },
    "symfony/validator": {
        "version": "4.4",
        "recipe": {
            "repo": "github.com/symfony/recipes",
            "branch": "main",
            "version": "4.3",
            "ref": "3eb8df139ec05414489d55b97603c5f6ca0c44cb"
        },
        "files": [
            "config/packages/test/validator.yaml",
            "config/packages/validator.yaml"
        ]
    },
    "symfony/web-profiler-bundle": {
        "version": "4.4",
        "recipe": {
            "repo": "github.com/symfony/recipes",
            "branch": "main",
            "version": "3.3",
            "ref": "6bdfa1a95f6b2e677ab985cd1af2eae35d62e0f6"
        },
        "files": [
            "config/packages/dev/web_profiler.yaml",
            "config/packages/test/web_profiler.yaml",
            "config/routes/dev/web_profiler.yaml"
        ]
    },
    "symfony/webpack-encore-bundle": {
        "version": "1.12",
        "recipe": {
            "repo": "github.com/symfony/recipes",
            "branch": "main",
            "version": "1.9",
            "ref": "f466b6384e592cfda11ca2361bbf7c7287b58f55"
        },
        "files": [
            "assets/app.js",
            "assets/bootstrap.js",
            "assets/controllers.json",
            "assets/controllers/hello_controller.js",
            "assets/styles/app.css",
            "config/packages/webpack_encore.yaml",
            "package.json",
            "webpack.config.js"
        ]
    },
    "twig/extensions": {
        "version": "1.5",
        "recipe": {
            "repo": "github.com/symfony/recipes",
            "branch": "main",
            "version": "1.0",
            "ref": "a86723ee8d8b2f9437c8ce60a5546a1c267da5ed"
        },
        "files": [
            "config/packages/twig_extensions.yaml"
        ]
    },
    "white-october/pagerfanta-bundle": {
        "version": "v1.3.2"
    },
    "willdurand/hateoas-bundle": {
        "version": "1.4",
        "recipe": {
            "repo": "github.com/symfony/recipes-contrib",
            "branch": "main",
            "version": "1.4",
            "ref": "34df072c6edaa61ae19afb2f3a239f272fecab87"
        }
    },
    "winzou/state-machine-bundle": {
        "version": "0.3.2"
    }
}
